
Microsoft Visual Studio Solution File, Format Version 12.00
# Visual Studio Version 17
VisualStudioVersion = 17.7.34221.43
MinimumVisualStudioVersion = 10.0.40219.1
Project("{FAE04EC0-301F-11D3-BF4B-00C04F79EFBC}") = "AşiriYükleme", "AşiriYükleme\AşiriYükleme.csproj", "{C21870F4-4C4F-4551-8861-10FC9E86456D}"
EndProject
Global
	GlobalSection(SolutionConfigurationPlatforms) = preSolution
		Debug|Any CPU = Debug|Any CPU
		Release|Any CPU = Release|Any CPU
	EndGlobalSection
	GlobalSection(ProjectConfigurationPlatforms) = postSolution
		{C21870F4-4C4F-4551-8861-10FC9E86456D}.Debug|Any CPU.ActiveCfg = Debug|Any CPU
		{C21870F4-4C4F-4551-8861-10FC9E86456D}.Debug|Any CPU.Build.0 = Debug|Any CPU
		{C21870F4-4C4F-4551-8861-10FC9E86456D}.Release|Any CPU.ActiveCfg = Release|Any CPU
		{C21870F4-4C4F-4551-8861-10FC9E86456D}.Release|Any CPU.Build.0 = Release|Any CPU
	EndGlobalSection
	GlobalSection(SolutionProperties) = preSolution
		HideSolutionNode = FALSE
	EndGlobalSection
	GlobalSection(ExtensibilityGlobals) = postSolution
		SolutionGuid = {306860BA-15E2-4ED2-B463-6C4DEE7BC3A5}
	EndGlobalSection
EndGlobal
